
Microsoft Visual Studio Solution File, Format Version 12.00
# Visual Studio Version 17
VisualStudioVersion = 17.3.32901.215
MinimumVisualStudioVersion = 10.0.40219.1
Project("{FAE04EC0-301F-11D3-BF4B-00C04F79EFBC}") = "WindowsFormsApp2", "WindowsFormsApp2\WindowsFormsApp2.csproj", "{DF635D51-C46C-437D-A3A6-B8D9A99FC82B}"
EndProject
Global
	GlobalSection(SolutionConfigurationPlatforms) = preSolution
		Debug|Any CPU = Debug|Any CPU
		Release|Any CPU = Release|Any CPU
	EndGlobalSection
	GlobalSection(ProjectConfigurationPlatforms) = postSolution
		{DF635D51-C46C-437D-A3A6-B8D9A99FC82B}.Debug|Any CPU.ActiveCfg = Debug|Any CPU
		{DF635D51-C46C-437D-A3A6-B8D9A99FC82B}.Debug|Any CPU.Build.0 = Debug|Any CPU
		{DF635D51-C46C-437D-A3A6-B8D9A99FC82B}.Release|Any CPU.ActiveCfg = Release|Any CPU
		{DF635D51-C46C-437D-A3A6-B8D9A99FC82B}.Release|Any CPU.Build.0 = Release|Any CPU
	EndGlobalSection
	GlobalSection(SolutionProperties) = preSolution
		HideSolutionNode = FALSE
	EndGlobalSection
	GlobalSection(ExtensibilityGlobals) = postSolution
		SolutionGuid = {C14B462E-387A-4A21-B177-1E79993C899F}
	EndGlobalSection
EndGlobal
